
Microsoft Visual Studio Solution File, Format Version 12.00
# Visual Studio 15
VisualStudioVersion = 15.0.27703.2042
MinimumVisualStudioVersion = 10.0.40219.1
Project("{FAE04EC0-301F-11D3-BF4B-00C04F79EFBC}") = "LangLib", "LangLib\LangLib.csproj", "{EB006DD7-DA6B-4B7C-80DC-56DF7BAAFD6C}"
EndProject
Project("{FAE04EC0-301F-11D3-BF4B-00C04F79EFBC}") = "LangLibTestWPF", "LangLibTestWPF\LangLibTestWPF.csproj", "{D687FEB3-6420-4519-A779-737B8C44D4AF}"
EndProject
Project("{FAE04EC0-301F-11D3-BF4B-00C04F79EFBC}") = "LangLibTestWinforms", "LangLibTestWinforms\LangLibTestWinforms.csproj", "{F4717424-4EB8-4E3B-878E-CF68A91FE2DB}"
EndProject
Project("{FAE04EC0-301F-11D3-BF4B-00C04F79EFBC}") = "DBLocalization", "DBLocalization\DBLocalization.csproj", "{9E933FED-06BD-4AC8-8132-B9EE1FE656FA}"
EndProject
Project("{FAE04EC0-301F-11D3-BF4B-00C04F79EFBC}") = "SecureDatabaseSetting", "SecureDatabaseSetting\SecureDatabaseSetting.csproj", "{DD2DCC23-D421-42A3-8EDE-B120FBFE402C}"
EndProject
Global
	GlobalSection(SolutionConfigurationPlatforms) = preSolution
		Debug|Any CPU = Debug|Any CPU
		Release|Any CPU = Release|Any CPU
	EndGlobalSection
	GlobalSection(ProjectConfigurationPlatforms) = postSolution
		{EB006DD7-DA6B-4B7C-80DC-56DF7BAAFD6C}.Debug|Any CPU.ActiveCfg = Debug|Any CPU
		{EB006DD7-DA6B-4B7C-80DC-56DF7BAAFD6C}.Debug|Any CPU.Build.0 = Debug|Any CPU
		{EB006DD7-DA6B-4B7C-80DC-56DF7BAAFD6C}.Release|Any CPU.ActiveCfg = Release|Any CPU
		{EB006DD7-DA6B-4B7C-80DC-56DF7BAAFD6C}.Release|Any CPU.Build.0 = Release|Any CPU
		{D687FEB3-6420-4519-A779-737B8C44D4AF}.Debug|Any CPU.ActiveCfg = Debug|Any CPU
		{D687FEB3-6420-4519-A779-737B8C44D4AF}.Debug|Any CPU.Build.0 = Debug|Any CPU
		{D687FEB3-6420-4519-A779-737B8C44D4AF}.Release|Any CPU.ActiveCfg = Release|Any CPU
		{D687FEB3-6420-4519-A779-737B8C44D4AF}.Release|Any CPU.Build.0 = Release|Any CPU
		{F4717424-4EB8-4E3B-878E-CF68A91FE2DB}.Debug|Any CPU.ActiveCfg = Debug|Any CPU
		{F4717424-4EB8-4E3B-878E-CF68A91FE2DB}.Debug|Any CPU.Build.0 = Debug|Any CPU
		{F4717424-4EB8-4E3B-878E-CF68A91FE2DB}.Release|Any CPU.ActiveCfg = Release|Any CPU
		{F4717424-4EB8-4E3B-878E-CF68A91FE2DB}.Release|Any CPU.Build.0 = Release|Any CPU
		{9E933FED-06BD-4AC8-8132-B9EE1FE656FA}.Debug|Any CPU.ActiveCfg = Debug|Any CPU
		{9E933FED-06BD-4AC8-8132-B9EE1FE656FA}.Debug|Any CPU.Build.0 = Debug|Any CPU
		{9E933FED-06BD-4AC8-8132-B9EE1FE656FA}.Release|Any CPU.ActiveCfg = Release|Any CPU
		{9E933FED-06BD-4AC8-8132-B9EE1FE656FA}.Release|Any CPU.Build.0 = Release|Any CPU
		{DD2DCC23-D421-42A3-8EDE-B120FBFE402C}.Debug|Any CPU.ActiveCfg = Debug|Any CPU
		{DD2DCC23-D421-42A3-8EDE-B120FBFE402C}.Debug|Any CPU.Build.0 = Debug|Any CPU
		{DD2DCC23-D421-42A3-8EDE-B120FBFE402C}.Release|Any CPU.ActiveCfg = Release|Any CPU
		{DD2DCC23-D421-42A3-8EDE-B120FBFE402C}.Release|Any CPU.Build.0 = Release|Any CPU
	EndGlobalSection
	GlobalSection(SolutionProperties) = preSolution
		HideSolutionNode = FALSE
	EndGlobalSection
	GlobalSection(ExtensibilityGlobals) = postSolution
		SolutionGuid = {675062B6-0F92-446F-B7D6-EDBE7B5794A5}
	EndGlobalSection
EndGlobal
